<?xml version="1.0" encoding="utf-8"?>
<Project ToolsVersion="4.0" xmlns="http://schemas.microsoft.com/developer/msbuild/2003">
  <ItemGroup>
    <Filter Include="소스 파일">
      <UniqueIdentifier>{4FC737F1-C7A5-4376-A066-2A32D752A2FF}</UniqueIdentifier>
      <Extensions>cpp;c;cc;cxx;c++;cppm;ixx;def;odl;idl;hpj;bat;asm;asmx</Extensions>
    </Filter>
    <Filter Include="헤더 파일">
      <UniqueIdentifier>{93995380-89BD-4b04-88EB-625FBE52EBFB}</UniqueIdentifier>
      <Extensions>h;hh;hpp;hxx;h++;hm;inl;inc;ipp;xsd</Extensions>
    </Filter>
    <Filter Include="리소스 파일">
      <UniqueIdentifier>{67DA6AB6-F800-4c08-8B7A-83BB121AAD01}</UniqueIdentifier>
      <Extensions>rc;ico;cur;bmp;dlg;rc2;rct;bin;rgs;gif;jpg;jpeg;jpe;resx;tiff;tif;png;wav;mfcribbon-ms</Extensions>
    </Filter>
    <Filter Include="헤더 파일\Core">
      <UniqueIdentifier>{5de41770-de67-4eae-8944-21e801574ca7}</UniqueIdentifier>
    </Filter>
    <Filter Include="소스 파일\Core">
      <UniqueIdentifier>{bb352441-e0bf-4b08-9ea4-5d51ec135ab2}</UniqueIdentifier>
    </Filter>
    <Filter Include="헤더 파일\Actor">
      <UniqueIdentifier>{16279580-0ee2-4a4e-a20d-0b657ed11475}</UniqueIdentifier>
    </Filter>
    <Filter Include="소스 파일\Actor">
      <UniqueIdentifier>{73c0ef94-8d93-4269-83d7-792f9c6f3a07}</UniqueIdentifier>
    </Filter>
  </ItemGroup>
  <ItemGroup>
    <ClCompile Include="main.cpp">
      <Filter>소스 파일</Filter>
    </ClCompile>
    <ClCompile Include="Engine.cpp">
      <Filter>소스 파일\Core</Filter>
    </ClCompile>
    <ClCompile Include="UserData.cpp">
      <Filter>소스 파일\Core</Filter>
    </ClCompile>
    <ClCompile Include="MainMenuLevel.cpp">
      <Filter>소스 파일</Filter>
    </ClCompile>
  </ItemGroup>
  <ItemGroup>
    <ClInclude Include="Engine.h">
      <Filter>헤더 파일\Core</Filter>
    </ClInclude>
    <ClInclude Include="ILevel.h">
      <Filter>헤더 파일\Core</Filter>
    </ClInclude>
    <ClInclude Include="UserData.h">
      <Filter>헤더 파일\Core</Filter>
    </ClInclude>
    <ClInclude Include="MainMenuLevel.h">
      <Filter>헤더 파일</Filter>
    </ClInclude>
  </ItemGroup>
</Project>